<Solution>
  <Folder Name="/docs/">
    <File Path="docs/architecture.md" />
    <File Path="docs/domain.md" />
    <File Path="docs/milestones.md" />
    <File Path="docs/roadmap.md" />
  </Folder>
  <Folder Name="/Solution Items/">
    <File Path="README.md" />
  </Folder>
  <Folder Name="/src/">
    <Project Path="src/SockGraveyard.AppHost/SockGraveyard.AppHost.csproj" />
    <Project Path="src/SockGraveyard.ServiceDefaults/SockGraveyard.ServiceDefaults.csproj" />
  </Folder>
  <Folder Name="/tests/" />
</Solution>
