<Solution>
  <Folder Name="/Solution Items/">
    <File Path="README.md" />
  </Folder>
  <Folder Name="/src/">
    <Project Path="src/SockGraveyard.AppHost/SockGraveyard.AppHost.csproj" />
    <Project Path="src/SockGraveyard.ServiceDefaults/SockGraveyard.ServiceDefaults.csproj" />
  </Folder>
  <Folder Name="/tests/" />
</Solution>
